// !$*UTF8*$!
{
	archiveVersion = 1;
	classes = {
	};
	objectVersion = 56;
	objects = {

/* Begin PBXBuildFile section */
		E4048EB92AFDD12B00035A75 /* MemoDetailView.swift in Sources */ = {isa = PBXBuildFile; fileRef = E4048EB82AFDD12B00035A75 /* MemoDetailView.swift */; };
		E48756D62AF4F310003FBFF8 /* SwiftMemoApplicationApp.swift in Sources */ = {isa = PBXBuildFile; fileRef = E48756D52AF4F310003FBFF8 /* SwiftMemoApplicationApp.swift */; };
		E48756D82AF4F310003FBFF8 /* ContentView.swift in Sources */ = {isa = PBXBuildFile; fileRef = E48756D72AF4F310003FBFF8 /* ContentView.swift */; };
		E48756DA2AF4F311003FBFF8 /* Assets.xcassets in Resources */ = {isa = PBXBuildFile; fileRef = E48756D92AF4F311003FBFF8 /* Assets.xcassets */; };
		E48756DD2AF4F311003FBFF8 /* Preview Assets.xcassets in Resources */ = {isa = PBXBuildFile; fileRef = E48756DC2AF4F311003FBFF8 /* Preview Assets.xcassets */; };
		E48756E72AF4F40B003FBFF8 /* Memo.swift in Sources */ = {isa = PBXBuildFile; fileRef = E48756E62AF4F40B003FBFF8 /* Memo.swift */; };
		E48756EA2AF5B3B0003FBFF8 /* File.swift in Sources */ = {isa = PBXBuildFile; fileRef = E48756E92AF5B3B0003FBFF8 /* File.swift */; };
		E48756EF2AFDCAE7003FBFF8 /* CoreData.xcdatamodeld in Sources */ = {isa = PBXBuildFile; fileRef = E48756ED2AFDCAE7003FBFF8 /* CoreData.xcdatamodeld */; };
		E48756F12AFDCE0F003FBFF8 /* MemoListView.swift in Sources */ = {isa = PBXBuildFile; fileRef = E48756F02AFDCE0F003FBFF8 /* MemoListView.swift */; };
/* End PBXBuildFile section */

/* Begin PBXFileReference section */
		E4048EB82AFDD12B00035A75 /* MemoDetailView.swift */ = {isa = PBXFileReference; lastKnownFileType = sourcecode.swift; path = MemoDetailView.swift; sourceTree = "<group>"; };
		E48756D22AF4F310003FBFF8 /* SwiftMemoApplication.app */ = {isa = PBXFileReference; explicitFileType = wrapper.application; includeInIndex = 0; path = SwiftMemoApplication.app; sourceTree = BUILT_PRODUCTS_DIR; };
		E48756D52AF4F310003FBFF8 /* SwiftMemoApplicationApp.swift */ = {isa = PBXFileReference; lastKnownFileType = sourcecode.swift; path = SwiftMemoApplicationApp.swift; sourceTree = "<group>"; };
		E48756D72AF4F310003FBFF8 /* ContentView.swift */ = {isa = PBXFileReference; lastKnownFileType = sourcecode.swift; path = ContentView.swift; sourceTree = "<group>"; };
		E48756D92AF4F311003FBFF8 /* Assets.xcassets */ = {isa = PBXFileReference; lastKnownFileType = folder.assetcatalog; path = Assets.xcassets; sourceTree = "<group>"; };
		E48756DC2AF4F311003FBFF8 /* Preview Assets.xcassets */ = {isa = PBXFileReference; lastKnownFileType = folder.assetcatalog; path = "Preview Assets.xcassets"; sourceTree = "<group>"; };
		E48756E62AF4F40B003FBFF8 /* Memo.swift */ = {isa = PBXFileReference; lastKnownFileType = sourcecode.swift; path = Memo.swift; sourceTree = "<group>"; };
		E48756E92AF5B3B0003FBFF8 /* File.swift */ = {isa = PBXFileReference; lastKnownFileType = sourcecode.swift; path = File.swift; sourceTree = "<group>"; };
		E48756EE2AFDCAE7003FBFF8 /* CoreData.xcdatamodel */ = {isa = PBXFileReference; lastKnownFileType = wrapper.xcdatamodel; path = CoreData.xcdatamodel; sourceTree = "<group>"; };
		E48756F02AFDCE0F003FBFF8 /* MemoListView.swift */ = {isa = PBXFileReference; lastKnownFileType = sourcecode.swift; path = MemoListView.swift; sourceTree = "<group>"; };
/* End PBXFileReference section */

/* Begin PBXFrameworksBuildPhase section */
		E48756CF2AF4F310003FBFF8 /* Frameworks */ = {
			isa = PBXFrameworksBuildPhase;
			buildActionMask = 2147483647;
			files = (
			);
			runOnlyForDeploymentPostprocessing = 0;
		};
/* End PBXFrameworksBuildPhase section */

/* Begin PBXGroup section */
		E48756C92AF4F310003FBFF8 = {
			isa = PBXGroup;
			children = (
				E48756D42AF4F310003FBFF8 /* SwiftMemoApplication */,
				E48756D32AF4F310003FBFF8 /* Products */,
			);
			sourceTree = "<group>";
		};
		E48756D32AF4F310003FBFF8 /* Products */ = {
			isa = PBXGroup;
			children = (
				E48756D22AF4F310003FBFF8 /* SwiftMemoApplication.app */,
			);
			name = Products;
			sourceTree = "<group>";
		};
		E48756D42AF4F310003FBFF8 /* SwiftMemoApplication */ = {
			isa = PBXGroup;
			children = (
				E48756EC2AFDC4BE003FBFF8 /* CoreData */,
				E48756E82AF5B39D003FBFF8 /* Shared */,
				E48756E52AF4F330003FBFF8 /* Controller */,
				E48756E42AF4F32C003FBFF8 /* View */,
				E48756E32AF4F322003FBFF8 /* Model */,
				E48756D52AF4F310003FBFF8 /* SwiftMemoApplicationApp.swift */,
				E48756D92AF4F311003FBFF8 /* Assets.xcassets */,
				E48756DB2AF4F311003FBFF8 /* Preview Content */,
			);
			path = SwiftMemoApplication;
			sourceTree = "<group>";
		};
		E48756DB2AF4F311003FBFF8 /* Preview Content */ = {
			isa = PBXGroup;
			children = (
				E48756DC2AF4F311003FBFF8 /* Preview Assets.xcassets */,
			);
			path = "Preview Content";
			sourceTree = "<group>";
		};
		E48756E32AF4F322003FBFF8 /* Model */ = {
			isa = PBXGroup;
			children = (
				E48756E62AF4F40B003FBFF8 /* Memo.swift */,
			);
			path = Model;
			sourceTree = "<group>";
		};
		E48756E42AF4F32C003FBFF8 /* View */ = {
			isa = PBXGroup;
			children = (
				E48756D72AF4F310003FBFF8 /* ContentView.swift */,
				E48756F02AFDCE0F003FBFF8 /* MemoListView.swift */,
				E4048EB82AFDD12B00035A75 /* MemoDetailView.swift */,
			);
			path = View;
			sourceTree = "<group>";
		};
		E48756E52AF4F330003FBFF8 /* Controller */ = {
			isa = PBXGroup;
			children = (
			);
			path = Controller;
			sourceTree = "<group>";
		};
		E48756E82AF5B39D003FBFF8 /* Shared */ = {
			isa = PBXGroup;
			children = (
				E48756E92AF5B3B0003FBFF8 /* File.swift */,
			);
			path = Shared;
			sourceTree = "<group>";
		};
		E48756EC2AFDC4BE003FBFF8 /* CoreData */ = {
			isa = PBXGroup;
			children = (
				E48756ED2AFDCAE7003FBFF8 /* CoreData.xcdatamodeld */,
			);
			path = CoreData;
			sourceTree = "<group>";
		};
/* End PBXGroup section */

/* Begin PBXNativeTarget section */
		E48756D12AF4F310003FBFF8 /* SwiftMemoApplication */ = {
			isa = PBXNativeTarget;
			buildConfigurationList = E48756E02AF4F311003FBFF8 /* Build configuration list for PBXNativeTarget "SwiftMemoApplication" */;
			buildPhases = (
				E48756CE2AF4F310003FBFF8 /* Sources */,
				E48756CF2AF4F310003FBFF8 /* Frameworks */,
				E48756D02AF4F310003FBFF8 /* Resources */,
			);
			buildRules = (
			);
			dependencies = (
			);
			name = SwiftMemoApplication;
			productName = SwiftMemoApplication;
			productReference = E48756D22AF4F310003FBFF8 /* SwiftMemoApplication.app */;
			productType = "com.apple.product-type.application";
		};
/* End PBXNativeTarget section */

/* Begin PBXProject section */
		E48756CA2AF4F310003FBFF8 /* Project object */ = {
			isa = PBXProject;
			attributes = {
				BuildIndependentTargetsInParallel = 1;
				LastSwiftUpdateCheck = 1430;
				LastUpgradeCheck = 1430;
				TargetAttributes = {
					E48756D12AF4F310003FBFF8 = {
						CreatedOnToolsVersion = 14.3.1;
					};
				};
			};
			buildConfigurationList = E48756CD2AF4F310003FBFF8 /* Build configuration list for PBXProject "SwiftMemoApplication" */;
			compatibilityVersion = "Xcode 14.0";
			developmentRegion = en;
			hasScannedForEncodings = 0;
			knownRegions = (
				en,
				Base,
			);
			mainGroup = E48756C92AF4F310003FBFF8;
			productRefGroup = E48756D32AF4F310003FBFF8 /* Products */;
			projectDirPath = "";
			projectRoot = "";
			targets = (
				E48756D12AF4F310003FBFF8 /* SwiftMemoApplication */,
			);
		};
/* End PBXProject section */

/* Begin PBXResourcesBuildPhase section */
		E48756D02AF4F310003FBFF8 /* Resources */ = {
			isa = PBXResourcesBuildPhase;
			buildActionMask = 2147483647;
			files = (
				E48756DD2AF4F311003FBFF8 /* Preview Assets.xcassets in Resources */,
				E48756DA2AF4F311003FBFF8 /* Assets.xcassets in Resources */,
			);
			runOnlyForDeploymentPostprocessing = 0;
		};
/* End PBXResourcesBuildPhase section */

/* Begin PBXSourcesBuildPhase section */
		E48756CE2AF4F310003FBFF8 /* Sources */ = {
			isa = PBXSourcesBuildPhase;
			buildActionMask = 2147483647;
			files = (
				E4048EB92AFDD12B00035A75 /* MemoDetailView.swift in Sources */,
				E48756E72AF4F40B003FBFF8 /* Memo.swift in Sources */,
				E48756EA2AF5B3B0003FBFF8 /* File.swift in Sources */,
				E48756F12AFDCE0F003FBFF8 /* MemoListView.swift in Sources */,
				E48756EF2AFDCAE7003FBFF8 /* CoreData.xcdatamodeld in Sources */,
				E48756D82AF4F310003FBFF8 /* ContentView.swift in Sources */,
				E48756D62AF4F310003FBFF8 /* SwiftMemoApplicationApp.swift in Sources */,
			);
			runOnlyForDeploymentPostprocessing = 0;
		};
/* End PBXSourcesBuildPhase section */

/* Begin XCBuildConfiguration section */
		E48756DE2AF4F311003FBFF8 /* Debug */ = {
			isa = XCBuildConfiguration;
			buildSettings = {
				ALWAYS_SEARCH_USER_PATHS = NO;
				CLANG_ANALYZER_NONNULL = YES;
				CLANG_ANALYZER_NUMBER_OBJECT_CONVERSION = YES_AGGRESSIVE;
				CLANG_CXX_LANGUAGE_STANDARD = "gnu++20";
				CLANG_ENABLE_MODULES = YES;
				CLANG_ENABLE_OBJC_ARC = YES;
				CLANG_ENABLE_OBJC_WEAK = YES;
				CLANG_WARN_BLOCK_CAPTURE_AUTORELEASING = YES;
				CLANG_WARN_BOOL_CONVERSION = YES;
				CLANG_WARN_COMMA = YES;
				CLANG_WARN_CONSTANT_CONVERSION = YES;
				CLANG_WARN_DEPRECATED_OBJC_IMPLEMENTATIONS = YES;
				CLANG_WARN_DIRECT_OBJC_ISA_USAGE = YES_ERROR;
				CLANG_WARN_DOCUMENTATION_COMMENTS = YES;
				CLANG_WARN_EMPTY_BODY = YES;
				CLANG_WARN_ENUM_CONVERSION = YES;
				CLANG_WARN_INFINITE_RECURSION = YES;
				CLANG_WARN_INT_CONVERSION = YES;
				CLANG_WARN_NON_LITERAL_NULL_CONVERSION = YES;
				CLANG_WARN_OBJC_IMPLICIT_RETAIN_SELF = YES;
				CLANG_WARN_OBJC_LITERAL_CONVERSION = YES;
				CLANG_WARN_OBJC_ROOT_CLASS = YES_ERROR;
				CLANG_WARN_QUOTED_INCLUDE_IN_FRAMEWORK_HEADER = YES;
				CLANG_WARN_RANGE_LOOP_ANALYSIS = YES;
				CLANG_WARN_STRICT_PROTOTYPES = YES;
				CLANG_WARN_SUSPICIOUS_MOVE = YES;
				CLANG_WARN_UNGUARDED_AVAILABILITY = YES_AGGRESSIVE;
				CLANG_WARN_UNREACHABLE_CODE = YES;
				CLANG_WARN__DUPLICATE_METHOD_MATCH = YES;
				COPY_PHASE_STRIP = NO;
				DEBUG_INFORMATION_FORMAT = dwarf;
				ENABLE_STRICT_OBJC_MSGSEND = YES;
				ENABLE_TESTABILITY = YES;
				GCC_C_LANGUAGE_STANDARD = gnu11;
				GCC_DYNAMIC_NO_PIC = NO;
				GCC_NO_COMMON_BLOCKS = YES;
				GCC_OPTIMIZATION_LEVEL = 0;
				GCC_PREPROCESSOR_DEFINITIONS = (
					"DEBUG=1",
					"$(inherited)",
				);
				GCC_WARN_64_TO_32_BIT_CONVERSION = YES;
				GCC_WARN_ABOUT_RETURN_TYPE = YES_ERROR;
				GCC_WARN_UNDECLARED_SELECTOR = YES;
				GCC_WARN_UNINITIALIZED_AUTOS = YES_AGGRESSIVE;
				GCC_WARN_UNUSED_FUNCTION = YES;
				GCC_WARN_UNUSED_VARIABLE = YES;
				IPHONEOS_DEPLOYMENT_TARGET = 16.4;
				MTL_ENABLE_DEBUG_INFO = INCLUDE_SOURCE;
				MTL_FAST_MATH = YES;
				ONLY_ACTIVE_ARCH = YES;
				SDKROOT = iphoneos;
				SWIFT_ACTIVE_COMPILATION_CONDITIONS = DEBUG;
				SWIFT_OPTIMIZATION_LEVEL = "-Onone";
			};
			name = Debug;
		};
		E48756DF2AF4F311003FBFF8 /* Release */ = {
			isa = XCBuildConfiguration;
			buildSettings = {
				ALWAYS_SEARCH_USER_PATHS = NO;
				CLANG_ANALYZER_NONNULL = YES;
				CLANG_ANALYZER_NUMBER_OBJECT_CONVERSION = YES_AGGRESSIVE;
				CLANG_CXX_LANGUAGE_STANDARD = "gnu++20";
				CLANG_ENABLE_MODULES = YES;
				CLANG_ENABLE_OBJC_ARC = YES;
				CLANG_ENABLE_OBJC_WEAK = YES;
				CLANG_WARN_BLOCK_CAPTURE_AUTORELEASING = YES;
				CLANG_WARN_BOOL_CONVERSION = YES;
				CLANG_WARN_COMMA = YES;
				CLANG_WARN_CONSTANT_CONVERSION = YES;
				CLANG_WARN_DEPRECATED_OBJC_IMPLEMENTATIONS = YES;
				CLANG_WARN_DIRECT_OBJC_ISA_USAGE = YES_ERROR;
				CLANG_WARN_DOCUMENTATION_COMMENTS = YES;
				CLANG_WARN_EMPTY_BODY = YES;
				CLANG_WARN_ENUM_CONVERSION = YES;
				CLANG_WARN_INFINITE_RECURSION = YES;
				CLANG_WARN_INT_CONVERSION = YES;
				CLANG_WARN_NON_LITERAL_NULL_CONVERSION = YES;
				CLANG_WARN_OBJC_IMPLICIT_RETAIN_SELF = YES;
				CLANG_WARN_OBJC_LITERAL_CONVERSION = YES;
				CLANG_WARN_OBJC_ROOT_CLASS = YES_ERROR;
				CLANG_WARN_QUOTED_INCLUDE_IN_FRAMEWORK_HEADER = YES;
				CLANG_WARN_RANGE_LOOP_ANALYSIS = YES;
				CLANG_WARN_STRICT_PROTOTYPES = YES;
				CLANG_WARN_SUSPICIOUS_MOVE = YES;
				CLANG_WARN_UNGUARDED_AVAILABILITY = YES_AGGRESSIVE;
				CLANG_WARN_UNREACHABLE_CODE = YES;
				CLANG_WARN__DUPLICATE_METHOD_MATCH = YES;
				COPY_PHASE_STRIP = NO;
				DEBUG_INFORMATION_FORMAT = "dwarf-with-dsym";
				ENABLE_NS_ASSERTIONS = NO;
				ENABLE_STRICT_OBJC_MSGSEND = YES;
				GCC_C_LANGUAGE_STANDARD = gnu11;
				GCC_NO_COMMON_BLOCKS = YES;
				GCC_WARN_64_TO_32_BIT_CONVERSION = YES;
				GCC_WARN_ABOUT_RETURN_TYPE = YES_ERROR;
				GCC_WARN_UNDECLARED_SELECTOR = YES;
				GCC_WARN_UNINITIALIZED_AUTOS = YES_AGGRESSIVE;
				GCC_WARN_UNUSED_FUNCTION = YES;
				GCC_WARN_UNUSED_VARIABLE = YES;
				IPHONEOS_DEPLOYMENT_TARGET = 16.4;
				MTL_ENABLE_DEBUG_INFO = NO;
				MTL_FAST_MATH = YES;
				SDKROOT = iphoneos;
				SWIFT_COMPILATION_MODE = wholemodule;
				SWIFT_OPTIMIZATION_LEVEL = "-O";
				VALIDATE_PRODUCT = YES;
			};
			name = Release;
		};
		E48756E12AF4F311003FBFF8 /* Debug */ = {
			isa = XCBuildConfiguration;
			buildSettings = {
				ASSETCATALOG_COMPILER_APPICON_NAME = AppIcon;
				ASSETCATALOG_COMPILER_GLOBAL_ACCENT_COLOR_NAME = AccentColor;
				CODE_SIGN_STYLE = Automatic;
				CURRENT_PROJECT_VERSION = 1;
				DEVELOPMENT_ASSET_PATHS = "\"SwiftMemoApplication/Preview Content\"";
				ENABLE_PREVIEWS = YES;
				GENERATE_INFOPLIST_FILE = YES;
				INFOPLIST_KEY_UIApplicationSceneManifest_Generation = YES;
				INFOPLIST_KEY_UIApplicationSupportsIndirectInputEvents = YES;
				INFOPLIST_KEY_UILaunchScreen_Generation = YES;
				INFOPLIST_KEY_UISupportedInterfaceOrientations_iPad = "UIInterfaceOrientationPortrait UIInterfaceOrientationPortraitUpsideDown UIInterfaceOrientationLandscapeLeft UIInterfaceOrientationLandscapeRight";
				INFOPLIST_KEY_UISupportedInterfaceOrientations_iPhone = "UIInterfaceOrientationPortrait UIInterfaceOrientationLandscapeLeft UIInterfaceOrientationLandscapeRight";
				LD_RUNPATH_SEARCH_PATHS = (
					"$(inherited)",
					"@executable_path/Frameworks",
				);
				MARKETING_VERSION = 1.0;
				PRODUCT_BUNDLE_IDENTIFIER = com.charm.SwiftMemoApplication;
				PRODUCT_NAME = "$(TARGET_NAME)";
				SWIFT_EMIT_LOC_STRINGS = YES;
				SWIFT_VERSION = 5.0;
				TARGETED_DEVICE_FAMILY = "1,2";
			};
			name = Debug;
		};
		E48756E22AF4F311003FBFF8 /* Release */ = {
			isa = XCBuildConfiguration;
			buildSettings = {
				ASSETCATALOG_COMPILER_APPICON_NAME = AppIcon;
				ASSETCATALOG_COMPILER_GLOBAL_ACCENT_COLOR_NAME = AccentColor;
				CODE_SIGN_STYLE = Automatic;
				CURRENT_PROJECT_VERSION = 1;
				DEVELOPMENT_ASSET_PATHS = "\"SwiftMemoApplication/Preview Content\"";
				ENABLE_PREVIEWS = YES;
				GENERATE_INFOPLIST_FILE = YES;
				INFOPLIST_KEY_UIApplicationSceneManifest_Generation = YES;
				INFOPLIST_KEY_UIApplicationSupportsIndirectInputEvents = YES;
				INFOPLIST_KEY_UILaunchScreen_Generation = YES;
				INFOPLIST_KEY_UISupportedInterfaceOrientations_iPad = "UIInterfaceOrientationPortrait UIInterfaceOrientationPortraitUpsideDown UIInterfaceOrientationLandscapeLeft UIInterfaceOrientationLandscapeRight";
				INFOPLIST_KEY_UISupportedInterfaceOrientations_iPhone = "UIInterfaceOrientationPortrait UIInterfaceOrientationLandscapeLeft UIInterfaceOrientationLandscapeRight";
				LD_RUNPATH_SEARCH_PATHS = (
					"$(inherited)",
					"@executable_path/Frameworks",
				);
				MARKETING_VERSION = 1.0;
				PRODUCT_BUNDLE_IDENTIFIER = com.charm.SwiftMemoApplication;
				PRODUCT_NAME = "$(TARGET_NAME)";
				SWIFT_EMIT_LOC_STRINGS = YES;
				SWIFT_VERSION = 5.0;
				TARGETED_DEVICE_FAMILY = "1,2";
			};
			name = Release;
		};
/* End XCBuildConfiguration section */

/* Begin XCConfigurationList section */
		E48756CD2AF4F310003FBFF8 /* Build configuration list for PBXProject "SwiftMemoApplication" */ = {
			isa = XCConfigurationList;
			buildConfigurations = (
				E48756DE2AF4F311003FBFF8 /* Debug */,
				E48756DF2AF4F311003FBFF8 /* Release */,
			);
			defaultConfigurationIsVisible = 0;
			defaultConfigurationName = Release;
		};
		E48756E02AF4F311003FBFF8 /* Build configuration list for PBXNativeTarget "SwiftMemoApplication" */ = {
			isa = XCConfigurationList;
			buildConfigurations = (
				E48756E12AF4F311003FBFF8 /* Debug */,
				E48756E22AF4F311003FBFF8 /* Release */,
			);
			defaultConfigurationIsVisible = 0;
			defaultConfigurationName = Release;
		};
/* End XCConfigurationList section */

/* Begin XCVersionGroup section */
		E48756ED2AFDCAE7003FBFF8 /* CoreData.xcdatamodeld */ = {
			isa = XCVersionGroup;
			children = (
				E48756EE2AFDCAE7003FBFF8 /* CoreData.xcdatamodel */,
			);
			currentVersion = E48756EE2AFDCAE7003FBFF8 /* CoreData.xcdatamodel */;
			path = CoreData.xcdatamodeld;
			sourceTree = "<group>";
			versionGroupType = wrapper.xcdatamodel;
		};
/* End XCVersionGroup section */
	};
	rootObject = E48756CA2AF4F310003FBFF8 /* Project object */;
}
